
Microsoft Visual Studio Solution File, Format Version 12.00
# Visual Studio Version 17
VisualStudioVersion = 17.6.33723.286
MinimumVisualStudioVersion = 10.0.40219.1
Project("{9A19103F-16F7-4668-BE54-9A1E7A4F7556}") = "Library", "WpfApp1\Library.csproj", "{4F8F402F-4EA9-427A-899C-B43D8C5BB547}"
EndProject
Global
	GlobalSection(SolutionConfigurationPlatforms) = preSolution
		Debug|Any CPU = Debug|Any CPU
		Release|Any CPU = Release|Any CPU
	EndGlobalSection
	GlobalSection(ProjectConfigurationPlatforms) = postSolution
		{4F8F402F-4EA9-427A-899C-B43D8C5BB547}.Debug|Any CPU.ActiveCfg = Debug|Any CPU
		{4F8F402F-4EA9-427A-899C-B43D8C5BB547}.Debug|Any CPU.Build.0 = Debug|Any CPU
		{4F8F402F-4EA9-427A-899C-B43D8C5BB547}.Release|Any CPU.ActiveCfg = Release|Any CPU
		{4F8F402F-4EA9-427A-899C-B43D8C5BB547}.Release|Any CPU.Build.0 = Release|Any CPU
	EndGlobalSection
	GlobalSection(SolutionProperties) = preSolution
		HideSolutionNode = FALSE
	EndGlobalSection
	GlobalSection(ExtensibilityGlobals) = postSolution
		SolutionGuid = {902F9294-974D-45B4-B64C-99E6C690DCFA}
	EndGlobalSection
EndGlobal
